<?xml version="1.0" encoding="utf-8"?>
<Project ToolsVersion="4.0" xmlns="http://schemas.microsoft.com/developer/msbuild/2003">
  <ItemGroup>
    <Filter Include="소스 파일">
      <UniqueIdentifier>{4FC737F1-C7A5-4376-A066-2A32D752A2FF}</UniqueIdentifier>
      <Extensions>cpp;c;cc;cxx;def;odl;idl;hpj;bat;asm;asmx</Extensions>
    </Filter>
    <Filter Include="헤더 파일">
      <UniqueIdentifier>{93995380-89BD-4b04-88EB-625FBE52EBFB}</UniqueIdentifier>
      <Extensions>h;hh;hpp;hxx;hm;inl;inc;xsd</Extensions>
    </Filter>
    <Filter Include="리소스 파일">
      <UniqueIdentifier>{67DA6AB6-F800-4c08-8B7A-83BB121AAD01}</UniqueIdentifier>
      <Extensions>rc;ico;cur;bmp;dlg;rc2;rct;bin;rgs;gif;jpg;jpeg;jpe;resx;tiff;tif;png;wav;mfcribbon-ms</Extensions>
    </Filter>
    <Filter Include="99. Header">
      <UniqueIdentifier>{cb53f111-9ac8-43f7-b05f-7521b89daa26}</UniqueIdentifier>
    </Filter>
    <Filter Include="00.MainGame">
      <UniqueIdentifier>{db47f27e-3f0b-476e-9859-a8ffe7074280}</UniqueIdentifier>
    </Filter>
    <Filter Include="01. Obj">
      <UniqueIdentifier>{3117ff55-f4a9-4320-9446-447e9cba582d}</UniqueIdentifier>
    </Filter>
    <Filter Include="01. Obj\00.Player">
      <UniqueIdentifier>{85c4e69b-21e3-4afc-b99d-7a2e2a4b08bb}</UniqueIdentifier>
    </Filter>
    <Filter Include="01. Obj\01.Monster">
      <UniqueIdentifier>{2d32ca31-79cf-44bc-af27-568aa5f166bc}</UniqueIdentifier>
    </Filter>
    <Filter Include="01. Obj\02.Block">
      <UniqueIdentifier>{18353809-2afa-462c-bb75-b0512dc17e44}</UniqueIdentifier>
    </Filter>
    <Filter Include="01. Obj\03.Item">
      <UniqueIdentifier>{077930c0-5775-4ce7-b5c9-134e32e585c9}</UniqueIdentifier>
    </Filter>
    <Filter Include="98.Design">
      <UniqueIdentifier>{2ebbb6b4-3087-40c4-989d-35cd6b010494}</UniqueIdentifier>
    </Filter>
    <Filter Include="98.Design\AbstractFactory">
      <UniqueIdentifier>{1d312999-491d-4bd0-8ca8-8202c3308615}</UniqueIdentifier>
    </Filter>
    <Filter Include="98.Design\CollisionMgr">
      <UniqueIdentifier>{922bd0cd-658f-4512-b038-85ff12dd69e8}</UniqueIdentifier>
    </Filter>
    <Filter Include="98.Design\ObjMgr">
      <UniqueIdentifier>{39e281fd-baee-41a2-a6fa-fed72ddf56e5}</UniqueIdentifier>
    </Filter>
    <Filter Include="98.Design\LineMgr">
      <UniqueIdentifier>{44cc83c4-bfdd-4e8a-9d94-05ebd9ab2ef7}</UniqueIdentifier>
    </Filter>
    <Filter Include="98.Design\LineMgr\Line">
      <UniqueIdentifier>{b14d9b0a-efe7-41a8-8ba4-a62876d4ad93}</UniqueIdentifier>
    </Filter>
    <Filter Include="97.Stage">
      <UniqueIdentifier>{5dd72ac1-d315-4bbb-8214-ac6a95aa7341}</UniqueIdentifier>
    </Filter>
    <Filter Include="97.Stage\Stage1">
      <UniqueIdentifier>{f9ae1c98-f9e5-4559-b3c7-5e4cb232e28d}</UniqueIdentifier>
    </Filter>
    <Filter Include="97.Stage\Stage2">
      <UniqueIdentifier>{1c6662cf-a1c9-4e37-a3ab-539f2c630c69}</UniqueIdentifier>
    </Filter>
    <Filter Include="97.Stage\Stage3">
      <UniqueIdentifier>{15eb53a5-9f2c-43e8-b388-7a09688a71a7}</UniqueIdentifier>
    </Filter>
    <Filter Include="97.Stage\Stage4">
      <UniqueIdentifier>{d9421ace-32e3-4ec3-9f0e-bcd947f466a4}</UniqueIdentifier>
    </Filter>
    <Filter Include="01. Obj\04.Mouse">
      <UniqueIdentifier>{aba46bc4-fd46-4526-9177-b95bc95b992c}</UniqueIdentifier>
    </Filter>
    <Filter Include="01. Obj\01.Monster\00.Mushroom_Monster">
      <UniqueIdentifier>{b255d26c-7899-4bb2-bb6b-03a1a0199094}</UniqueIdentifier>
    </Filter>
    <Filter Include="01. Obj\01.Monster\01.Turtle_Monster">
      <UniqueIdentifier>{5ac55a90-8daf-44f4-9182-0521398f95f7}</UniqueIdentifier>
    </Filter>
    <Filter Include="01. Obj\01.Monster\02.Turtle_Back">
      <UniqueIdentifier>{7a167971-0599-4c80-9bcc-e083765c8a27}</UniqueIdentifier>
    </Filter>
    <Filter Include="98.Design\KeyMgr">
      <UniqueIdentifier>{c98114bd-9750-4547-82bb-97160c120bb5}</UniqueIdentifier>
    </Filter>
    <Filter Include="98.Design\StageMgr">
      <UniqueIdentifier>{c84434f6-d826-4eef-9c26-523cdcd26ddc}</UniqueIdentifier>
    </Filter>
    <Filter Include="01. Obj\03.Item\031.Coin">
      <UniqueIdentifier>{fec90c42-893e-4c7c-8ff3-379abc5d56aa}</UniqueIdentifier>
    </Filter>
    <Filter Include="01. Obj\03.Item\032.Mushroom">
      <UniqueIdentifier>{560fa323-c1dd-4145-a386-48ec24876962}</UniqueIdentifier>
    </Filter>
    <Filter Include="01. Obj\03.Item\033.Star">
      <UniqueIdentifier>{2aec992a-1bd7-41af-8e06-85918a96ab27}</UniqueIdentifier>
    </Filter>
    <Filter Include="01. Obj\03.Item\034.Flower">
      <UniqueIdentifier>{2b254151-c149-40e6-8cfe-66503d0d314b}</UniqueIdentifier>
    </Filter>
  </ItemGroup>
  <ItemGroup>
    <Text Include="ReadMe.txt" />
  </ItemGroup>
  <ItemGroup>
    <ClInclude Include="stdafx.h">
      <Filter>헤더 파일</Filter>
    </ClInclude>
    <ClInclude Include="targetver.h">
      <Filter>헤더 파일</Filter>
    </ClInclude>
    <ClInclude Include="Resource.h">
      <Filter>헤더 파일</Filter>
    </ClInclude>
    <ClInclude Include="Default.h">
      <Filter>헤더 파일</Filter>
    </ClInclude>
    <ClInclude Include="Define.h">
      <Filter>99. Header</Filter>
    </ClInclude>
    <ClInclude Include="MainGame.h">
      <Filter>00.MainGame</Filter>
    </ClInclude>
    <ClInclude Include="Function.h">
      <Filter>99. Header</Filter>
    </ClInclude>
    <ClInclude Include="Obj.h">
      <Filter>01. Obj</Filter>
    </ClInclude>
    <ClInclude Include="Struct.h">
      <Filter>99. Header</Filter>
    </ClInclude>
    <ClInclude Include="Player.h">
      <Filter>01. Obj\00.Player</Filter>
    </ClInclude>
    <ClInclude Include="Enum.h">
      <Filter>99. Header</Filter>
    </ClInclude>
    <ClInclude Include="Monster.h">
      <Filter>01. Obj\01.Monster</Filter>
    </ClInclude>
    <ClInclude Include="Block.h">
      <Filter>01. Obj\02.Block</Filter>
    </ClInclude>
    <ClInclude Include="Item.h">
      <Filter>01. Obj\03.Item</Filter>
    </ClInclude>
    <ClInclude Include="AbstractFactory.h">
      <Filter>98.Design\AbstractFactory</Filter>
    </ClInclude>
    <ClInclude Include="CollisionMgr.h">
      <Filter>98.Design\CollisionMgr</Filter>
    </ClInclude>
    <ClInclude Include="ObjMgr.h">
      <Filter>98.Design\ObjMgr</Filter>
    </ClInclude>
    <ClInclude Include="MushroomMonster.h">
      <Filter>01. Obj\01.Monster\00.Mushroom_Monster</Filter>
    </ClInclude>
    <ClInclude Include="LineMgr.h">
      <Filter>98.Design\LineMgr</Filter>
    </ClInclude>
    <ClInclude Include="Line.h">
      <Filter>98.Design\LineMgr\Line</Filter>
    </ClInclude>
    <ClInclude Include="Include.h">
      <Filter>99. Header</Filter>
    </ClInclude>
    <ClInclude Include="Stage.h">
      <Filter>97.Stage</Filter>
    </ClInclude>
    <ClInclude Include="Stage1.h">
      <Filter>97.Stage\Stage1</Filter>
    </ClInclude>
    <ClInclude Include="Stage2.h">
      <Filter>97.Stage\Stage2</Filter>
    </ClInclude>
    <ClInclude Include="Mouse.h">
      <Filter>01. Obj\04.Mouse</Filter>
    </ClInclude>
    <ClInclude Include="TurtleMonster.h">
      <Filter>01. Obj\01.Monster\01.Turtle_Monster</Filter>
    </ClInclude>
    <ClInclude Include="TurtleBack.h">
      <Filter>01. Obj\01.Monster\02.Turtle_Back</Filter>
    </ClInclude>
    <ClInclude Include="Stage3.h">
      <Filter>97.Stage\Stage3</Filter>
    </ClInclude>
    <ClInclude Include="Stage4.h">
      <Filter>97.Stage\Stage4</Filter>
    </ClInclude>
    <ClInclude Include="KeyMgr.h">
      <Filter>98.Design\KeyMgr</Filter>
    </ClInclude>
    <ClInclude Include="StageMgr.h">
      <Filter>98.Design\StageMgr</Filter>
    </ClInclude>
    <ClInclude Include="Coin.h">
      <Filter>01. Obj\03.Item\031.Coin</Filter>
    </ClInclude>
    <ClInclude Include="Mushroom.h">
      <Filter>01. Obj\03.Item\032.Mushroom</Filter>
    </ClInclude>
    <ClInclude Include="Flower.h">
      <Filter>01. Obj\03.Item\034.Flower</Filter>
    </ClInclude>
    <ClInclude Include="Star.h">
      <Filter>01. Obj\03.Item\033.Star</Filter>
    </ClInclude>
  </ItemGroup>
  <ItemGroup>
    <ClCompile Include="stdafx.cpp">
      <Filter>소스 파일</Filter>
    </ClCompile>
    <ClCompile Include="Default.cpp">
      <Filter>소스 파일</Filter>
    </ClCompile>
    <ClCompile Include="MainGame.cpp">
      <Filter>00.MainGame</Filter>
    </ClCompile>
    <ClCompile Include="Obj.cpp">
      <Filter>01. Obj</Filter>
    </ClCompile>
    <ClCompile Include="Player.cpp">
      <Filter>01. Obj\00.Player</Filter>
    </ClCompile>
    <ClCompile Include="Block.cpp">
      <Filter>01. Obj\02.Block</Filter>
    </ClCompile>
    <ClCompile Include="Item.cpp">
      <Filter>01. Obj\03.Item</Filter>
    </ClCompile>
    <ClCompile Include="CollisionMgr.cpp">
      <Filter>98.Design\CollisionMgr</Filter>
    </ClCompile>
    <ClCompile Include="ObjMgr.cpp">
      <Filter>98.Design\ObjMgr</Filter>
    </ClCompile>
    <ClCompile Include="MushroomMonster.cpp">
      <Filter>01. Obj\01.Monster\00.Mushroom_Monster</Filter>
    </ClCompile>
    <ClCompile Include="LineMgr.cpp">
      <Filter>98.Design\LineMgr</Filter>
    </ClCompile>
    <ClCompile Include="Line.cpp">
      <Filter>98.Design\LineMgr\Line</Filter>
    </ClCompile>
    <ClCompile Include="Stage1.cpp">
      <Filter>97.Stage\Stage1</Filter>
    </ClCompile>
    <ClCompile Include="Stage2.cpp">
      <Filter>97.Stage\Stage2</Filter>
    </ClCompile>
    <ClCompile Include="Mouse.cpp">
      <Filter>01. Obj\04.Mouse</Filter>
    </ClCompile>
    <ClCompile Include="TurtleMonster.cpp">
      <Filter>01. Obj\01.Monster\01.Turtle_Monster</Filter>
    </ClCompile>
    <ClCompile Include="TurtleBack.cpp">
      <Filter>01. Obj\01.Monster\02.Turtle_Back</Filter>
    </ClCompile>
    <ClCompile Include="Stage3.cpp">
      <Filter>97.Stage\Stage3</Filter>
    </ClCompile>
    <ClCompile Include="Stage4.cpp">
      <Filter>97.Stage\Stage4</Filter>
    </ClCompile>
    <ClCompile Include="KeyMgr.cpp">
      <Filter>98.Design\KeyMgr</Filter>
    </ClCompile>
    <ClCompile Include="StageMgr.cpp">
      <Filter>98.Design\StageMgr</Filter>
    </ClCompile>
    <ClCompile Include="Coin.cpp">
      <Filter>01. Obj\03.Item\031.Coin</Filter>
    </ClCompile>
    <ClCompile Include="Mushroom.cpp">
      <Filter>01. Obj\03.Item\032.Mushroom</Filter>
    </ClCompile>
    <ClCompile Include="Flower.cpp">
      <Filter>01. Obj\03.Item\034.Flower</Filter>
    </ClCompile>
    <ClCompile Include="Star.cpp">
      <Filter>01. Obj\03.Item\033.Star</Filter>
    </ClCompile>
  </ItemGroup>
  <ItemGroup>
    <ResourceCompile Include="Default.rc">
      <Filter>리소스 파일</Filter>
    </ResourceCompile>
  </ItemGroup>
  <ItemGroup>
    <Image Include="small.ico">
      <Filter>리소스 파일</Filter>
    </Image>
    <Image Include="Default.ico">
      <Filter>리소스 파일</Filter>
    </Image>
  </ItemGroup>
</Project>